
Microsoft Visual Studio Solution File, Format Version 12.00
# Visual Studio Version 17
VisualStudioVersion = 17.11.35327.3
MinimumVisualStudioVersion = 10.0.40219.1
Project("{FAE04EC0-301F-11D3-BF4B-00C04F79EFBC}") = "thesis_printing", "thesis_printing\thesis_printing.csproj", "{4FB53AC0-0237-4954-AAE6-2DF8EA90907C}"
EndProject
Global
	GlobalSection(SolutionConfigurationPlatforms) = preSolution
		Debug|Any CPU = Debug|Any CPU
		Release|Any CPU = Release|Any CPU
	EndGlobalSection
	GlobalSection(ProjectConfigurationPlatforms) = postSolution
		{4FB53AC0-0237-4954-AAE6-2DF8EA90907C}.Debug|Any CPU.ActiveCfg = Debug|Any CPU
		{4FB53AC0-0237-4954-AAE6-2DF8EA90907C}.Debug|Any CPU.Build.0 = Debug|Any CPU
		{4FB53AC0-0237-4954-AAE6-2DF8EA90907C}.Release|Any CPU.ActiveCfg = Release|Any CPU
		{4FB53AC0-0237-4954-AAE6-2DF8EA90907C}.Release|Any CPU.Build.0 = Release|Any CPU
	EndGlobalSection
	GlobalSection(SolutionProperties) = preSolution
		HideSolutionNode = FALSE
	EndGlobalSection
	GlobalSection(ExtensibilityGlobals) = postSolution
		SolutionGuid = {4A840BF3-B95A-4E42-82E0-F7CF7BA7F607}
	EndGlobalSection
EndGlobal
